
Microsoft Visual Studio Solution File, Format Version 12.00
# Visual Studio Version 16
VisualStudioVersion = 16.0.30523.141
MinimumVisualStudioVersion = 10.0.40219.1
Project("{FAE04EC0-301F-11D3-BF4B-00C04F79EFBC}") = "lab3Matrix", "lab3Matrix\lab3Matrix.csproj", "{EF6CE341-18D2-4AAB-9858-FA2CD2C1CE2D}"
EndProject
Global
	GlobalSection(SolutionConfigurationPlatforms) = preSolution
		Debug|Any CPU = Debug|Any CPU
		Release|Any CPU = Release|Any CPU
	EndGlobalSection
	GlobalSection(ProjectConfigurationPlatforms) = postSolution
		{EF6CE341-18D2-4AAB-9858-FA2CD2C1CE2D}.Debug|Any CPU.ActiveCfg = Debug|Any CPU
		{EF6CE341-18D2-4AAB-9858-FA2CD2C1CE2D}.Debug|Any CPU.Build.0 = Debug|Any CPU
		{EF6CE341-18D2-4AAB-9858-FA2CD2C1CE2D}.Release|Any CPU.ActiveCfg = Release|Any CPU
		{EF6CE341-18D2-4AAB-9858-FA2CD2C1CE2D}.Release|Any CPU.Build.0 = Release|Any CPU
	EndGlobalSection
	GlobalSection(SolutionProperties) = preSolution
		HideSolutionNode = FALSE
	EndGlobalSection
	GlobalSection(ExtensibilityGlobals) = postSolution
		SolutionGuid = {E7FE53EF-A12D-4439-95EC-0AD2A2A76199}
	EndGlobalSection
EndGlobal
